
Microsoft Visual Studio Solution File, Format Version 12.00
# Visual Studio Version 16
VisualStudioVersion = 16.0.30717.126
MinimumVisualStudioVersion = 10.0.40219.1
Project("{9A19103F-16F7-4668-BE54-9A1E7A4F7556}") = "SampleConsoleApp", "SampleConsoleApp\SampleConsoleApp.csproj", "{F7653BF3-B78C-420A-BDF3-3425EBD08CDA}"
EndProject
Global
	GlobalSection(SolutionConfigurationPlatforms) = preSolution
		Debug|Any CPU = Debug|Any CPU
		Release|Any CPU = Release|Any CPU
	EndGlobalSection
	GlobalSection(ProjectConfigurationPlatforms) = postSolution
		{F7653BF3-B78C-420A-BDF3-3425EBD08CDA}.Debug|Any CPU.ActiveCfg = Debug|Any CPU
		{F7653BF3-B78C-420A-BDF3-3425EBD08CDA}.Debug|Any CPU.Build.0 = Debug|Any CPU
		{F7653BF3-B78C-420A-BDF3-3425EBD08CDA}.Release|Any CPU.ActiveCfg = Release|Any CPU
		{F7653BF3-B78C-420A-BDF3-3425EBD08CDA}.Release|Any CPU.Build.0 = Release|Any CPU
	EndGlobalSection
	GlobalSection(SolutionProperties) = preSolution
		HideSolutionNode = FALSE
	EndGlobalSection
	GlobalSection(ExtensibilityGlobals) = postSolution
		SolutionGuid = {F0584CAB-7FB3-4DDB-A9CC-2092F0F4E1D2}
	EndGlobalSection
EndGlobal
